# This file is automatically @generated by Poetry 1.4.2 and should not be changed by hand.

[[package]]
name = "duckdb"
version = "0.7.1"
description = "DuckDB embedded database"
category = "main"
optional = false
python-versions = "*"
files = [
    {file = "duckdb-0.7.1-cp310-cp310-macosx_10_9_universal2.whl", hash = "sha256:3e0170be6cc315c179169dfa3e06485ef7009ef8ce399cd2908f29105ef2c67b"},
    {file = "duckdb-0.7.1-cp310-cp310-macosx_10_9_x86_64.whl", hash = "sha256:6360d41023e726646507d5479ba60960989a09f04527b36abeef3643c61d8c48"},
    {file = "duckdb-0.7.1-cp310-cp310-macosx_11_0_arm64.whl", hash = "sha256:578c269d7aa27184e8d45421694f89deda3f41fe6bd2a8ce48b262b9fc975326"},
    {file = "duckdb-0.7.1-cp310-cp310-manylinux_2_17_i686.manylinux2014_i686.whl", hash = "sha256:36aae9a923c9f78da1cf3fcf75873f62d32ea017d4cef7c706d16d3eca527ca2"},
    {file = "duckdb-0.7.1-cp310-cp310-manylinux_2_17_x86_64.manylinux2014_x86_64.whl", hash = "sha256:630e0122a02f19bb1fafae00786350b2c31ae8422fce97c827bd3686e7c386af"},
    {file = "duckdb-0.7.1-cp310-cp310-musllinux_1_1_i686.whl", hash = "sha256:9b9ca2d294725e523ce207bc37f28787478ae6f7a223e2cf3a213a2d498596c3"},
    {file = "duckdb-0.7.1-cp310-cp310-musllinux_1_1_x86_64.whl", hash = "sha256:0bd89f388205b6c99b62650169efe9a02933555ee1d46ddf79fbd0fb9e62652b"},
    {file = "duckdb-0.7.1-cp310-cp310-win32.whl", hash = "sha256:a9e987565a268fd8da9f65e54621d28f39c13105b8aee34c96643074babe6d9c"},
    {file = "duckdb-0.7.1-cp310-cp310-win_amd64.whl", hash = "sha256:5d986b5ad1307b069309f9707c0c5051323e29865aefa059eb6c3b22dc9751b6"},
    {file = "duckdb-0.7.1-cp311-cp311-macosx_10_9_universal2.whl", hash = "sha256:54606dfd24d7181d3098030ca6858f6be52f3ccbf42fff05f7587f2d9cdf4343"},
    {file = "duckdb-0.7.1-cp311-cp311-macosx_10_9_x86_64.whl", hash = "sha256:bd9367ae650b6605ffe00412183cf0edb688a5fc9fbb03ed757e8310e7ec3b6c"},
    {file = "duckdb-0.7.1-cp311-cp311-macosx_11_0_arm64.whl", hash = "sha256:aaf33aeb543c7816bd915cd10141866d54f92f698e1b5712de9d8b7076da19df"},
    {file = "duckdb-0.7.1-cp311-cp311-manylinux_2_17_i686.manylinux2014_i686.whl", hash = "sha256:2e56b0329c38c0356b40449917bab6fce6ac27d356257b9a9da613d2a0f064e0"},
    {file = "duckdb-0.7.1-cp311-cp311-manylinux_2_17_x86_64.manylinux2014_x86_64.whl", hash = "sha256:604b8b476d6cc6bf91625d8c2722ef9c50c402b3d64bc518c838d6c279e6d93b"},
    {file = "duckdb-0.7.1-cp311-cp311-musllinux_1_1_i686.whl", hash = "sha256:32a268508c6d7fdc99d5442736051de74c28a5166c4cc3dcbbf35d383299b941"},
    {file = "duckdb-0.7.1-cp311-cp311-musllinux_1_1_x86_64.whl", hash = "sha256:90794406fa2111414877ee9db154fef940911f3920c312c1cf69947621737c8d"},
    {file = "duckdb-0.7.1-cp311-cp311-win32.whl", hash = "sha256:bf20c5ee62cbbf10b39ebdfd70d454ce914e70545c7cb6cb78cb5befef96328a"},
    {file = "duckdb-0.7.1-cp311-cp311-win_amd64.whl", hash = "sha256:bb2700785cab37cd1e7a76c4547a5ab0f8a7c28ad3f3e4d02a8fae52be223090"},
    {file = "duckdb-0.7.1-cp36-cp36m-macosx_10_9_x86_64.whl", hash = "sha256:b09741cfa31388b8f9cdf5c5200e0995d55a5b54d2d1a75b54784e2f5c042f7f"},
    {file = "duckdb-0.7.1-cp36-cp36m-win32.whl", hash = "sha256:766e6390f7ace7f1e322085c2ca5d0ad94767bde78a38d168253d2b0b4d5cd5c"},
    {file = "duckdb-0.7.1-cp36-cp36m-win_amd64.whl", hash = "sha256:6a3f3315e2b553db3463f07324f62dfebaf3b97656a87558e59e2f1f816eaf15"},
    {file = "duckdb-0.7.1-cp37-cp37m-macosx_10_9_x86_64.whl", hash = "sha256:278edb8c912d836b3b77fd1695887e1dbd736137c3912478af3608c9d7307bb0"},
    {file = "duckdb-0.7.1-cp37-cp37m-manylinux_2_17_i686.manylinux2014_i686.whl", hash = "sha256:e189b558d10b58fe6ed85ce79f728e143eb4115db1e63147a44db613cd4dd0d9"},
    {file = "duckdb-0.7.1-cp37-cp37m-manylinux_2_17_x86_64.manylinux2014_x86_64.whl", hash = "sha256:6b91ec3544ee4dc9e6abbdf2669475d5adedaaea51987c67acf161673e6b7443"},
    {file = "duckdb-0.7.1-cp37-cp37m-musllinux_1_1_i686.whl", hash = "sha256:3fe3f3dbd62b76a773144eef31aa29794578c359da932e77fef04516535318ca"},
    {file = "duckdb-0.7.1-cp37-cp37m-musllinux_1_1_x86_64.whl", hash = "sha256:1e78c7f59325e99f0b3d9fe7c2bad4aaadf42d2c7711925cc26331d7647a91b2"},
    {file = "duckdb-0.7.1-cp37-cp37m-win32.whl", hash = "sha256:bc2a12d9f4fc8ef2fd1022d610287c9fc9972ea06b7510fc87387f1fa256a390"},
    {file = "duckdb-0.7.1-cp37-cp37m-win_amd64.whl", hash = "sha256:53e3db1bc0f445ee48b23cde47bfba08c7fa5a69976c740ec8cdf89543d2405d"},
    {file = "duckdb-0.7.1-cp38-cp38-macosx_10_9_universal2.whl", hash = "sha256:1247cc11bac17f2585d11681329806c86295e32242f84a10a604665e697d5c81"},
    {file = "duckdb-0.7.1-cp38-cp38-macosx_10_9_x86_64.whl", hash = "sha256:5feaff16a012075b49dfa09d4cb24455938d6b0e06b08e1404ec00089119dba2"},
    {file = "duckdb-0.7.1-cp38-cp38-macosx_11_0_arm64.whl", hash = "sha256:b411a0c361eab9b26dcd0d0c7a0d1bc0ad6b214068555de7e946fbdd2619961a"},
    {file = "duckdb-0.7.1-cp38-cp38-manylinux_2_17_i686.manylinux2014_i686.whl", hash = "sha256:c7c76d8694ecdb579241ecfeaf03c51d640b984dbbe8e1d9f919089ebf3cdea6"},
    {file = "duckdb-0.7.1-cp38-cp38-manylinux_2_17_x86_64.manylinux2014_x86_64.whl", hash = "sha256:193b896eed44d8751a755ccf002a137630020af0bc3505affa21bf19fdc90df3"},
    {file = "duckdb-0.7.1-cp38-cp38-musllinux_1_1_i686.whl", hash = "sha256:7da132ee452c80a3784b8daffd86429fa698e1b0e3ecb84660db96d36c27ad55"},
    {file = "duckdb-0.7.1-cp38-cp38-musllinux_1_1_x86_64.whl", hash = "sha256:5fd08c97c3e8cb5bec3822cf78b966b489213dcaab24b25c05a99f7caf8db467"},
    {file = "duckdb-0.7.1-cp38-cp38-win32.whl", hash = "sha256:9cb956f94fa55c4782352dac7cc7572a58312bd7ce97332bb14591d6059f0ea4"},
    {file = "duckdb-0.7.1-cp38-cp38-win_amd64.whl", hash = "sha256:289a5f65213e66d320ebcd51a94787e7097b9d1c3492d01a121a2c809812bf19"},
    {file = "duckdb-0.7.1-cp39-cp39-macosx_10_9_universal2.whl", hash = "sha256:8085ad58c9b5854ee3820804fa1797e6b3134429c1506c3faab3cb96e71b07e9"},
    {file = "duckdb-0.7.1-cp39-cp39-macosx_10_9_x86_64.whl", hash = "sha256:b47c19d1f2f662a5951fc6c5f6939d0d3b96689604b529cdcffd9afdcc95bff2"},
    {file = "duckdb-0.7.1-cp39-cp39-macosx_11_0_arm64.whl", hash = "sha256:6a611f598226fd634b7190f509cc6dd668132ffe436b0a6b43847b4b32b99e4a"},
    {file = "duckdb-0.7.1-cp39-cp39-manylinux_2_17_i686.manylinux2014_i686.whl", hash = "sha256:6730f03b5b78f3943b752c90bdf37b62ae3ac52302282a942cc675825b4a8dc9"},
    {file = "duckdb-0.7.1-cp39-cp39-manylinux_2_17_x86_64.manylinux2014_x86_64.whl", hash = "sha256:fe23e938d29cd8ea6953d77dc828b7f5b95a4dbc7cd7fe5bcc3531da8cec3dba"},
    {file = "duckdb-0.7.1-cp39-cp39-musllinux_1_1_i686.whl", hash = "sha256:feffe503c2e2a99480e1e5e15176f37796b3675e4dadad446fe7c2cc672aed3c"},
    {file = "duckdb-0.7.1-cp39-cp39-musllinux_1_1_x86_64.whl", hash = "sha256:72fceb06f5bf24ad6bb5974c60d397a7a7e61b3d847507a22276de076f3392e2"},
    {file = "duckdb-0.7.1-cp39-cp39-win32.whl", hash = "sha256:c4d5217437d20d05fe23317bbc161befa1f9363f3622887cd1d2f4719b407936"},
    {file = "duckdb-0.7.1-cp39-cp39-win_amd64.whl", hash = "sha256:066885e1883464ce3b7d1fd844f9431227dcffe1ee39bfd2a05cd6d53f304557"},
    {file = "duckdb-0.7.1.tar.gz", hash = "sha256:a7db6da0366b239ea1e4541fcc19556b286872f5015c9a54c2e347146e25a2ad"},
]

[[package]]
name = "polars"
version = "0.17.3"
description = "Blazingly fast DataFrame library"
category = "main"
optional = false
python-versions = ">=3.7"
files = [
    {file = "polars-0.17.3-cp37-abi3-macosx_10_7_x86_64.whl", hash = "sha256:b92f8ddc6a6adfd9b03f6b0bad0785d9424c13282132339f2e2584c3017498c9"},
    {file = "polars-0.17.3-cp37-abi3-macosx_11_0_arm64.whl", hash = "sha256:4ee706fda65c76f02f92cf717690cee7f881e5374938bab567d1bc3e760c0b9b"},
    {file = "polars-0.17.3-cp37-abi3-manylinux_2_17_x86_64.manylinux2014_x86_64.whl", hash = "sha256:f1d40ae3a50e35df0120f621b38cf34585ba0132cab72cb68545d2b6de1ce09e"},
    {file = "polars-0.17.3-cp37-abi3-win_amd64.whl", hash = "sha256:200d784d988275630e6d4305c4e165d3053d722e79f574e0203315b5d89474ae"},
    {file = "polars-0.17.3.tar.gz", hash = "sha256:28b9c4255edf15d10bc5e9e9a08dc140efdfb8ffce4990773f84f38fd322a87f"},
]

[package.dependencies]
typing_extensions = {version = ">=4.0.1", markers = "python_version < \"3.11\""}

[package.extras]
all = ["polars[connectorx,deltalake,fsspec,matplotlib,numpy,pandas,pyarrow,sqlalchemy,timezone,xlsx2csv,xlsxwriter]"]
connectorx = ["connectorx"]
deltalake = ["deltalake (>=0.8.0)"]
fsspec = ["fsspec"]
matplotlib = ["matplotlib"]
numpy = ["numpy (>=1.16.0)"]
pandas = ["pandas", "pyarrow (>=7.0.0)"]
pyarrow = ["pyarrow (>=7.0.0)"]
sqlalchemy = ["pandas", "sqlalchemy"]
timezone = ["backports.zoneinfo", "tzdata"]
xlsx2csv = ["xlsx2csv (>=0.8.0)"]
xlsxwriter = ["xlsxwriter"]

[[package]]
name = "typing-extensions"
version = "4.5.0"
description = "Backported and Experimental Type Hints for Python 3.7+"
category = "main"
optional = false
python-versions = ">=3.7"
files = [
    {file = "typing_extensions-4.5.0-py3-none-any.whl", hash = "sha256:fb33085c39dd998ac16d1431ebc293a8b3eedd00fd4a32de0ff79002c19511b4"},
    {file = "typing_extensions-4.5.0.tar.gz", hash = "sha256:5cb5f4a79139d699607b3ef622a1dedafa84e115ab0024e0d9c044a9479ca7cb"},
]

[metadata]
lock-version = "2.0"
python-versions = "^3.9"
content-hash = "ed5e6c0e2a92922d141900c8e185dceed60777c3d1e8919fdcefa7bce71aa733"
